schema-version = 2
project-vendor = "Bottlerocket"

[sdk]
name = "bottlerocket-sdk"
version = "0.65.1"
vendor = "bottlerocket"
source = "public.ecr.aws/bottlerocket/bottlerocket-sdk:v0.65.1"
digest = "zeBarGgXhYNUsJTDFhZFjEBetInWPlVBQ8oi2j0/IKk="

[[kit]]
name = "bottlerocket-kernel-kit"
version = "4.4.2"
vendor = "bottlerocket"
source = "public.ecr.aws/bottlerocket/bottlerocket-kernel-kit:v4.4.2"
digest = "zHju2fZRHVfNdirPE0a1LxEkNnSIF8WbHkUOk8gFS88="

[[kit]]
name = "bottlerocket-core-kit"
version = "10.8.1"
vendor = "kushupad"
source = "999576413263.dkr.ecr.us-west-2.amazonaws.com/bottlerocket-core-kit:v10.8.1"
digest = "A/aVtEKgIjuL7XNcX3zbqMI0IBVyPaFuicGr7S11YLw="
